
Microsoft Visual Studio Solution File, Format Version 12.00
# Visual Studio Version 17
VisualStudioVersion = 17.3.32811.315
MinimumVisualStudioVersion = 10.0.40219.1
Project("{FAE04EC0-301F-11D3-BF4B-00C04F79EFBC}") = "GabrielCondric_Priprema za provjeru znanja_polugodišnja", "GabrielCondric_Priprema za provjeru znanja_polugodišnja.csproj", "{D6814DA3-1E89-4651-A9BA-937800B25E77}"
EndProject
Global
	GlobalSection(SolutionConfigurationPlatforms) = preSolution
		Debug|Any CPU = Debug|Any CPU
		Release|Any CPU = Release|Any CPU
	EndGlobalSection
	GlobalSection(ProjectConfigurationPlatforms) = postSolution
		{D6814DA3-1E89-4651-A9BA-937800B25E77}.Debug|Any CPU.ActiveCfg = Debug|Any CPU
		{D6814DA3-1E89-4651-A9BA-937800B25E77}.Debug|Any CPU.Build.0 = Debug|Any CPU
		{D6814DA3-1E89-4651-A9BA-937800B25E77}.Release|Any CPU.ActiveCfg = Release|Any CPU
		{D6814DA3-1E89-4651-A9BA-937800B25E77}.Release|Any CPU.Build.0 = Release|Any CPU
	EndGlobalSection
	GlobalSection(SolutionProperties) = preSolution
		HideSolutionNode = FALSE
	EndGlobalSection
	GlobalSection(ExtensibilityGlobals) = postSolution
		SolutionGuid = {C2F6B9C1-3E45-4561-A5CF-7C0CF9A3217F}
	EndGlobalSection
EndGlobal
